
Microsoft Visual Studio Solution File, Format Version 12.00
# Visual Studio Version 16
VisualStudioVersion = 16.0.31624.102
MinimumVisualStudioVersion = 10.0.40219.1
Project("{9A19103F-16F7-4668-BE54-9A1E7A4F7556}") = "SpecAid", "SpecAid\SpecAid.csproj", "{DABBC0B7-31BB-40DD-9981-B0154A597172}"
EndProject
Project("{9A19103F-16F7-4668-BE54-9A1E7A4F7556}") = "SpecAid.Tests", "SpecAid.Tests\SpecAid.Tests.csproj", "{F14C44F1-677D-498E-9A68-F3EBBD87EF92}"
EndProject
Global
	GlobalSection(SolutionConfigurationPlatforms) = preSolution
		Debug|Any CPU = Debug|Any CPU
		Release|Any CPU = Release|Any CPU
	EndGlobalSection
	GlobalSection(ProjectConfigurationPlatforms) = postSolution
		{DABBC0B7-31BB-40DD-9981-B0154A597172}.Debug|Any CPU.ActiveCfg = Debug|Any CPU
		{DABBC0B7-31BB-40DD-9981-B0154A597172}.Debug|Any CPU.Build.0 = Debug|Any CPU
		{DABBC0B7-31BB-40DD-9981-B0154A597172}.Release|Any CPU.ActiveCfg = Release|Any CPU
		{DABBC0B7-31BB-40DD-9981-B0154A597172}.Release|Any CPU.Build.0 = Release|Any CPU
		{F14C44F1-677D-498E-9A68-F3EBBD87EF92}.Debug|Any CPU.ActiveCfg = Debug|Any CPU
		{F14C44F1-677D-498E-9A68-F3EBBD87EF92}.Debug|Any CPU.Build.0 = Debug|Any CPU
		{F14C44F1-677D-498E-9A68-F3EBBD87EF92}.Release|Any CPU.ActiveCfg = Release|Any CPU
		{F14C44F1-677D-498E-9A68-F3EBBD87EF92}.Release|Any CPU.Build.0 = Release|Any CPU
	EndGlobalSection
	GlobalSection(SolutionProperties) = preSolution
		HideSolutionNode = FALSE
	EndGlobalSection
	GlobalSection(ExtensibilityGlobals) = postSolution
		SolutionGuid = {748F5920-D332-463E-88D2-932E5680406E}
	EndGlobalSection
EndGlobal
